
Microsoft Visual Studio Solution File, Format Version 11.00
# Visual Studio 2010
Project("{FAE04EC0-301F-11D3-BF4B-00C04F79EFBC}") = "Assembly-CSharp", "Assembly-CSharp.csproj", "{AE739F0E-F4F2-1342-55B2-1FF99F381249}"
EndProject
Project("{FAE04EC0-301F-11D3-BF4B-00C04F79EFBC}") = "Assembly-CSharp-Editor-firstpass", "Assembly-CSharp-Editor-firstpass.csproj", "{2F0D951A-0391-5185-C99B-43335E910DED}"
EndProject
Global
	GlobalSection(SolutionConfigurationPlatforms) = preSolution
		Debug|Any CPU = Debug|Any CPU
		Release|Any CPU = Release|Any CPU
	EndGlobalSection
	GlobalSection(ProjectConfigurationPlatforms) = postSolution
		{AE739F0E-F4F2-1342-55B2-1FF99F381249}.Debug|Any CPU.ActiveCfg = Debug|Any CPU
		{AE739F0E-F4F2-1342-55B2-1FF99F381249}.Debug|Any CPU.Build.0 = Debug|Any CPU
		{AE739F0E-F4F2-1342-55B2-1FF99F381249}.Release|Any CPU.ActiveCfg = Release|Any CPU
		{AE739F0E-F4F2-1342-55B2-1FF99F381249}.Release|Any CPU.Build.0 = Release|Any CPU
		{2F0D951A-0391-5185-C99B-43335E910DED}.Debug|Any CPU.ActiveCfg = Debug|Any CPU
		{2F0D951A-0391-5185-C99B-43335E910DED}.Debug|Any CPU.Build.0 = Debug|Any CPU
		{2F0D951A-0391-5185-C99B-43335E910DED}.Release|Any CPU.ActiveCfg = Release|Any CPU
		{2F0D951A-0391-5185-C99B-43335E910DED}.Release|Any CPU.Build.0 = Release|Any CPU
	EndGlobalSection
	GlobalSection(SolutionProperties) = preSolution
		HideSolutionNode = FALSE
	EndGlobalSection
EndGlobal
